{
  "version": 4,
  "terraform_version": "1.7.4",
  "serial": 4,
  "lineage": "fc3382b7-396e-ea6d-b385-b397fdbba1d3",
  "outputs": {},
  "resources": [
    {
      "mode": "managed",
      "type": "local_file",
      "name": "pet",
      "provider": "provider[\"registry.terraform.io/hashicorp/local\"]",
      "instances": [
        {
          "index_key": "/home/einfochips/Downloads/Repo/cats.txt",
          "schema_version": 0,
          "attributes": {
            "content": "This is file",
            "content_base64": null,
            "content_base64sha256": "YQOxsXJbmo0+StbM76bjK3OFQRV/Dbq3UfkSOzmh2fs=",
            "content_base64sha512": "ri9iy3ul4Peo2nLtxLtzHGbgRsx5b7tu/Fb/DiTqxoTMfhXM4dvyhk3+QvTRS2WfODSzy53reo1GMhdGBhE9IQ==",
            "content_md5": "da3088da4d139c1fea93d2951c5230b5",
            "content_sha1": "e863f6140023d49e91b0308d91b29d99c66eb44c",
            "content_sha256": "6103b1b1725b9a8d3e4ad6ccefa6e32b738541157f0dbab751f9123b39a1d9fb",
            "content_sha512": "ae2f62cb7ba5e0f7a8da72edc4bb731c66e046cc796fbb6efc56ff0e24eac684cc7e15cce1dbf2864dfe42f4d14b659f3834b3cb9deb7a8d4632174606113d21",
            "directory_permission": "0777",
            "file_permission": "0777",
            "filename": "/home/einfochips/Downloads/Repo/cats.txt",
            "id": "e863f6140023d49e91b0308d91b29d99c66eb44c",
            "sensitive_content": null,
            "source": null
          },
          "sensitive_attributes": []
        },
        {
          "index_key": "/home/einfochips/Downloads/Repo/dogs.txt",
          "schema_version": 0,
          "attributes": {
            "content": "This is file",
            "content_base64": null,
            "content_base64sha256": "YQOxsXJbmo0+StbM76bjK3OFQRV/Dbq3UfkSOzmh2fs=",
            "content_base64sha512": "ri9iy3ul4Peo2nLtxLtzHGbgRsx5b7tu/Fb/DiTqxoTMfhXM4dvyhk3+QvTRS2WfODSzy53reo1GMhdGBhE9IQ==",
            "content_md5": "da3088da4d139c1fea93d2951c5230b5",
            "content_sha1": "e863f6140023d49e91b0308d91b29d99c66eb44c",
            "content_sha256": "6103b1b1725b9a8d3e4ad6ccefa6e32b738541157f0dbab751f9123b39a1d9fb",
            "content_sha512": "ae2f62cb7ba5e0f7a8da72edc4bb731c66e046cc796fbb6efc56ff0e24eac684cc7e15cce1dbf2864dfe42f4d14b659f3834b3cb9deb7a8d4632174606113d21",
            "directory_permission": "0777",
            "file_permission": "0777",
            "filename": "/home/einfochips/Downloads/Repo/dogs.txt",
            "id": "e863f6140023d49e91b0308d91b29d99c66eb44c",
            "sensitive_content": null,
            "source": null
          },
          "sensitive_attributes": []
        },
        {
          "index_key": "/home/einfochips/Downloads/Repo/pets.txt",
          "schema_version": 0,
          "attributes": {
            "content": "This is file",
            "content_base64": null,
            "content_base64sha256": "YQOxsXJbmo0+StbM76bjK3OFQRV/Dbq3UfkSOzmh2fs=",
            "content_base64sha512": "ri9iy3ul4Peo2nLtxLtzHGbgRsx5b7tu/Fb/DiTqxoTMfhXM4dvyhk3+QvTRS2WfODSzy53reo1GMhdGBhE9IQ==",
            "content_md5": "da3088da4d139c1fea93d2951c5230b5",
            "content_sha1": "e863f6140023d49e91b0308d91b29d99c66eb44c",
            "content_sha256": "6103b1b1725b9a8d3e4ad6ccefa6e32b738541157f0dbab751f9123b39a1d9fb",
            "content_sha512": "ae2f62cb7ba5e0f7a8da72edc4bb731c66e046cc796fbb6efc56ff0e24eac684cc7e15cce1dbf2864dfe42f4d14b659f3834b3cb9deb7a8d4632174606113d21",
            "directory_permission": "0777",
            "file_permission": "0777",
            "filename": "/home/einfochips/Downloads/Repo/pets.txt",
            "id": "e863f6140023d49e91b0308d91b29d99c66eb44c",
            "sensitive_content": null,
            "source": null
          },
          "sensitive_attributes": []
        }
      ]
    }
  ],
  "check_results": null
}
