{
  "version": 4,
  "terraform_version": "1.7.4",
  "serial": 17,
  "lineage": "48ecee02-c938-f913-cff9-9a9e91b9da62",
  "outputs": {
    "pet-name": {
      "value": "Mr.mink",
      "type": "string"
    }
  },
  "resources": [
    {
      "mode": "managed",
      "type": "local_file",
      "name": "pets",
      "provider": "provider[\"registry.terraform.io/hashicorp/local\"]",
      "instances": [
        {
          "schema_version": 0,
          "attributes": {
            "content": "My favourit pet is Mr.mink",
            "content_base64": null,
            "content_base64sha256": "S3318jdRwkgo4svc5jvZqncKhmAaCsQVBYFUF60SAzs=",
            "content_base64sha512": "xwkzX0nkYI7Rxxp1RBwfG8TKfUWUK0V5DU7q/02Wi1/3FY7ge3AODV9U8s/7xCK8mmo9gs5ujG7DoJMn2U1J6Q==",
            "content_md5": "77902965ac11c82d855ae20fec056023",
            "content_sha1": "fa5ec72b8defb059433b6130dd3c4155633fad82",
            "content_sha256": "4b7df5f23751c24828e2cbdce63bd9aa770a86601a0ac41505815417ad12033b",
            "content_sha512": "c709335f49e4608ed1c71a75441c1f1bc4ca7d45942b45790d4eeaff4d968b5ff7158ee07b700e0d5f54f2cffbc422bc9a6a3d82ce6e8c6ec3a09327d94d49e9",
            "directory_permission": "0777",
            "file_permission": "0777",
            "filename": "/home/einfochips/Downloads/Repo/pets.txt",
            "id": "fa5ec72b8defb059433b6130dd3c4155633fad82",
            "sensitive_content": null,
            "source": null
          },
          "sensitive_attributes": [],
          "dependencies": [
            "random_pet.my-pet"
          ]
        }
      ]
    },
    {
      "mode": "managed",
      "type": "random_pet",
      "name": "my-pet",
      "provider": "provider[\"registry.terraform.io/hashicorp/random\"]",
      "instances": [
        {
          "schema_version": 0,
          "attributes": {
            "id": "Mr.mink",
            "keepers": null,
            "length": 1,
            "prefix": "Mr",
            "separator": "."
          },
          "sensitive_attributes": []
        }
      ]
    }
  ],
  "check_results": null
}
